{
  "name": "shahds",
  "version": "1.0.0",
  "lockfileVersion": 3,
  "requires": true,
  "packages": {
    "": {
      "name": "shahds",
      "version": "1.0.0",
      "license": "ISC",
      "dependencies": {
        "shahd": "^1.0.0"
      }
    },
    "node_modules/shahd": {
      "version": "1.0.0",
      "resolved": "https://registry.npmjs.org/shahd/-/shahd-1.0.0.tgz",
      "integrity": "sha512-uyOj1Axsx4pDA8SC8Sgj5wyGKyyQp5g/guRbSygAlVif96qJOZJaKkag14uqWN04jHKUwPcjTvlXe/Hu7cgcSA==",
      "license": "ISC"
    }
  }
}
